
Microsoft Visual Studio Solution File, Format Version 12.00
# Visual Studio Version 17
VisualStudioVersion = 17.10.35122.118
MinimumVisualStudioVersion = 10.0.40219.1
Project("{9A19103F-16F7-4668-BE54-9A1E7A4F7556}") = "BlazorPeliculas.Client", "BlazorPeliculas.Client\BlazorPeliculas.Client.csproj", "{A1AE2783-F9E3-4A3A-9EF4-BAAAD0BE0C11}"
EndProject
Project("{9A19103F-16F7-4668-BE54-9A1E7A4F7556}") = "BlazorPeliculas.Shared", "BlazorPeliculas.Shared\BlazorPeliculas.Shared.csproj", "{E52E48FA-6233-40F1-ACE6-195AD3DDC068}"
EndProject
Global
	GlobalSection(SolutionConfigurationPlatforms) = preSolution
		Debug|Any CPU = Debug|Any CPU
		Release|Any CPU = Release|Any CPU
	EndGlobalSection
	GlobalSection(ProjectConfigurationPlatforms) = postSolution
		{A1AE2783-F9E3-4A3A-9EF4-BAAAD0BE0C11}.Debug|Any CPU.ActiveCfg = Debug|Any CPU
		{A1AE2783-F9E3-4A3A-9EF4-BAAAD0BE0C11}.Debug|Any CPU.Build.0 = Debug|Any CPU
		{A1AE2783-F9E3-4A3A-9EF4-BAAAD0BE0C11}.Release|Any CPU.ActiveCfg = Release|Any CPU
		{A1AE2783-F9E3-4A3A-9EF4-BAAAD0BE0C11}.Release|Any CPU.Build.0 = Release|Any CPU
		{E52E48FA-6233-40F1-ACE6-195AD3DDC068}.Debug|Any CPU.ActiveCfg = Debug|Any CPU
		{E52E48FA-6233-40F1-ACE6-195AD3DDC068}.Debug|Any CPU.Build.0 = Debug|Any CPU
		{E52E48FA-6233-40F1-ACE6-195AD3DDC068}.Release|Any CPU.ActiveCfg = Release|Any CPU
		{E52E48FA-6233-40F1-ACE6-195AD3DDC068}.Release|Any CPU.Build.0 = Release|Any CPU
	EndGlobalSection
	GlobalSection(SolutionProperties) = preSolution
		HideSolutionNode = FALSE
	EndGlobalSection
	GlobalSection(ExtensibilityGlobals) = postSolution
		SolutionGuid = {FACE1E3B-28CE-4F05-A24A-7191245628E2}
	EndGlobalSection
EndGlobal
